{
  "version": 4,
  "terraform_version": "1.0.5",
  "serial": 7,
  "lineage": "f15eaf72-a311-4ec2-25e5-01c6d553817a",
  "outputs": {},
  "resources": [
    {
      "mode": "data",
      "type": "aws_eks_cluster",
      "name": "cluster",
      "provider": "provider[\"registry.terraform.io/hashicorp/aws\"]",
      "instances": [
        {
          "schema_version": 0,
          "attributes": {
            "arn": "arn:aws:eks:us-east-2:796005000385:cluster/education-eks-Hgz9EnEX",
            "certificate_authority": [
              {
                "data": "LS0tLS1CRUdJTiBDRVJUSUZJQ0FURS0tLS0tCk1JSUM1ekNDQWMrZ0F3SUJBZ0lCQURBTkJna3Foa2lHOXcwQkFRc0ZBREFWTVJNd0VRWURWUVFERXdwcmRXSmwKY201bGRHVnpNQjRYRFRJeE1EZ3lOREl3TXpFek5sb1hEVE14TURneU1qSXdNekV6Tmxvd0ZURVRNQkVHQTFVRQpBeE1LYTNWaVpYSnVaWFJsY3pDQ0FTSXdEUVlKS29aSWh2Y05BUUVCQlFBRGdnRVBBRENDQVFvQ2dnRUJBT0JmCmptYmpyTUVFR21zblFGZ2JOem02QVE2L2ttTTFKOXhxMkpueEVranFDdGFWa0swRVlwT2pyU1BpL1M2ekU0UG8KSVNIL21udlAxZlc3UmpLUGdKaFRpdy9NTVF4SlAxWEFEMjZ0NENVTjd6MmorbHVoaFoxSDFaUjVkQzNCSCtHcQpXdEs3cExrR2RkTUZjUm5yZ0tmSkZraTBKZEJteU1KY0ZXWEgxZXRiRGhTK2toU2g3RkJLWlRLNkhMU3haVXNtCm55R000RFJYdjZYR3VFN1ZtZHU0MnhpaWlqQ3U4dXNhZEdrUTloYnJpNk9URnBQQktDYmM4aUdqdVFjd2JHMk4KSTVzUnFkYnI3cDZFdUt5QXExWHBpcGhBamQwTDExdEVnOWh6NlliRkJSbEE5cWNIK3d5RFhKMk94OEtGTnpZNQp4R0lRSG9tVnlEU0J0K3RFN2NVQ0F3RUFBYU5DTUVBd0RnWURWUjBQQVFIL0JBUURBZ0trTUE4R0ExVWRFd0VCCi93UUZNQU1CQWY4d0hRWURWUjBPQkJZRUZNOEhXSnhzR0hDakhiK3l3clBaTGtMajdGeHpNQTBHQ1NxR1NJYjMKRFFFQkN3VUFBNElCQVFDK1phT0o5cSthdVN0UzRLNWlTemV3TWFMc3FyNThFWFVIMnF4cTlhSWNJdzBJVXRhWAo3RVM5ZEVTRzl6R1RydWlmNE83MkRtSElyUlNSYm5ZQVFMVEhJZVJCUjB5c2lpSlFQc1hxRFBuY2ZzVzh1cHlFCkxhZTBMVW1OMFl0bTAvRWpMVkNBRmM2c0JJeEFVczdzWEFybW9LWHRZeUl5SlBIem9IemUvVE9LY2hBY0dUclgKRTVKVEhRam1NdmRvK2FrM3J1Tk9iUCtRZm1JY0Z0Tnl6bDBZa3p0M2Rxdnc3TXdaREo0U2s3eHJrOVAvbEhpdgpqL2Z4YUlKMkNiOE5YRHFFTjIrWmpqY2VRZkhRK2Q1UGJBNEVUY3FoSnAwR2VWMzlnWGZmTVJDcHV4Y2RrbXNvCkxTb0JlZk11bnlrRkhldktnS0dMTWpqSlduTjhzV1Y1SnJVcAotLS0tLUVORCBDRVJUSUZJQ0FURS0tLS0tCg=="
              }
            ],
            "created_at": "2021-08-24 20:26:24.359 +0000 UTC",
            "enabled_cluster_log_types": [],
            "endpoint": "https://BB9EEE679AD2E0D8C4A218802D3CB64E.gr7.us-east-2.eks.amazonaws.com",
            "id": "education-eks-Hgz9EnEX",
            "identity": [
              {
                "oidc": [
                  {
                    "issuer": "https://oidc.eks.us-east-2.amazonaws.com/id/BB9EEE679AD2E0D8C4A218802D3CB64E"
                  }
                ]
              }
            ],
            "kubernetes_network_config": [
              {
                "service_ipv4_cidr": "172.20.0.0/16"
              }
            ],
            "name": "education-eks-Hgz9EnEX",
            "platform_version": "eks.2",
            "role_arn": "arn:aws:iam::796005000385:role/education-eks-Hgz9EnEX20210824202600618500000002",
            "status": "ACTIVE",
            "tags": {
              "Environment": "training",
              "GithubOrg": "terraform-aws-modules",
              "GithubRepo": "terraform-aws-eks"
            },
            "version": "1.20",
            "vpc_config": [
              {
                "cluster_security_group_id": "sg-00bf03e0a6ae70439",
                "endpoint_private_access": false,
                "endpoint_public_access": true,
                "public_access_cidrs": [
                  "0.0.0.0/0"
                ],
                "security_group_ids": [
                  "sg-07bf099d2412053b1"
                ],
                "subnet_ids": [
                  "subnet-053b07cc12bc595ae",
                  "subnet-0bb3f1f6cd04b3246",
                  "subnet-0d1b3b669c3a36061"
                ],
                "vpc_id": "vpc-031d18a49ada9ccb9"
              }
            ]
          },
          "sensitive_attributes": []
        }
      ]
    },
    {
      "mode": "data",
      "type": "aws_eks_cluster_auth",
      "name": "cluster",
      "provider": "provider[\"registry.terraform.io/hashicorp/aws\"]",
      "instances": [
        {
          "schema_version": 0,
          "attributes": {
            "id": "education-eks-Hgz9EnEX",
            "name": "education-eks-Hgz9EnEX",
            "token": "k8s-aws-v1.aHR0cHM6Ly9zdHMuYW1hem9uYXdzLmNvbS8_QWN0aW9uPUdldENhbGxlcklkZW50aXR5JlZlcnNpb249MjAxMS0wNi0xNSZYLUFtei1BbGdvcml0aG09QVdTNC1ITUFDLVNIQTI1NiZYLUFtei1DcmVkZW50aWFsPUFLSUEzU1ZNWU1UQVlUQVVJT09YJTJGMjAyMTA4MjQlMkZ1cy1lYXN0LTElMkZzdHMlMkZhd3M0X3JlcXVlc3QmWC1BbXotRGF0ZT0yMDIxMDgyNFQyMDU4NTNaJlgtQW16LUV4cGlyZXM9MCZYLUFtei1TaWduZWRIZWFkZXJzPWhvc3QlM0J4LWs4cy1hd3MtaWQmWC1BbXotU2lnbmF0dXJlPTdhNDBhMTllY2UyNzJmNTM5NmMwMTQzMDU5ODg5OGZmNjAwNDljNGIyZWUyMTBiMjZiYzNjNTFhZWZmZjNiNGY"
          },
          "sensitive_attributes": []
        }
      ]
    },
    {
      "mode": "data",
      "type": "terraform_remote_state",
      "name": "eks",
      "provider": "provider[\"terraform.io/builtin/terraform\"]",
      "instances": [
        {
          "schema_version": 0,
          "attributes": {
            "backend": "local",
            "config": {
              "value": {
                "path": "../learn-terraform-provision-eks-cluster/terraform.tfstate"
              },
              "type": [
                "object",
                {
                  "path": "string"
                }
              ]
            },
            "defaults": null,
            "outputs": {
              "value": {
                "cluster_endpoint": "https://BB9EEE679AD2E0D8C4A218802D3CB64E.gr7.us-east-2.eks.amazonaws.com",
                "cluster_id": "education-eks-Hgz9EnEX",
                "cluster_name": "education-eks-Hgz9EnEX",
                "cluster_security_group_id": "sg-07bf099d2412053b1",
                "config_map_aws_auth": [
                  {
                    "binary_data": null,
                    "data": {
                      "mapAccounts": "[]\n",
                      "mapRoles": "- \"groups\":\n  - \"system:bootstrappers\"\n  - \"system:nodes\"\n  \"rolearn\": \"arn:aws:iam::796005000385:role/education-eks-Hgz9EnEX2021082420353150970000000c\"\n  \"username\": \"system:node:{{EC2PrivateDNSName}}\"\n",
                      "mapUsers": "[]\n"
                    },
                    "id": "kube-system/aws-auth",
                    "metadata": [
                      {
                        "annotations": null,
                        "generate_name": "",
                        "generation": 0,
                        "labels": {
                          "app.kubernetes.io/managed-by": "Terraform",
                          "terraform.io/module": "terraform-aws-modules.eks.aws"
                        },
                        "name": "aws-auth",
                        "namespace": "kube-system",
                        "resource_version": "627",
                        "uid": "d562f3f3-7d67-4c49-abd2-94fb7d9c3cb8"
                      }
                    ]
                  }
                ],
                "kubectl_config": "apiVersion: v1\npreferences: {}\nkind: Config\n\nclusters:\n- cluster:\n    server: https://BB9EEE679AD2E0D8C4A218802D3CB64E.gr7.us-east-2.eks.amazonaws.com\n    certificate-authority-data: LS0tLS1CRUdJTiBDRVJUSUZJQ0FURS0tLS0tCk1JSUM1ekNDQWMrZ0F3SUJBZ0lCQURBTkJna3Foa2lHOXcwQkFRc0ZBREFWTVJNd0VRWURWUVFERXdwcmRXSmwKY201bGRHVnpNQjRYRFRJeE1EZ3lOREl3TXpFek5sb1hEVE14TURneU1qSXdNekV6Tmxvd0ZURVRNQkVHQTFVRQpBeE1LYTNWaVpYSnVaWFJsY3pDQ0FTSXdEUVlKS29aSWh2Y05BUUVCQlFBRGdnRVBBRENDQVFvQ2dnRUJBT0JmCmptYmpyTUVFR21zblFGZ2JOem02QVE2L2ttTTFKOXhxMkpueEVranFDdGFWa0swRVlwT2pyU1BpL1M2ekU0UG8KSVNIL21udlAxZlc3UmpLUGdKaFRpdy9NTVF4SlAxWEFEMjZ0NENVTjd6MmorbHVoaFoxSDFaUjVkQzNCSCtHcQpXdEs3cExrR2RkTUZjUm5yZ0tmSkZraTBKZEJteU1KY0ZXWEgxZXRiRGhTK2toU2g3RkJLWlRLNkhMU3haVXNtCm55R000RFJYdjZYR3VFN1ZtZHU0MnhpaWlqQ3U4dXNhZEdrUTloYnJpNk9URnBQQktDYmM4aUdqdVFjd2JHMk4KSTVzUnFkYnI3cDZFdUt5QXExWHBpcGhBamQwTDExdEVnOWh6NlliRkJSbEE5cWNIK3d5RFhKMk94OEtGTnpZNQp4R0lRSG9tVnlEU0J0K3RFN2NVQ0F3RUFBYU5DTUVBd0RnWURWUjBQQVFIL0JBUURBZ0trTUE4R0ExVWRFd0VCCi93UUZNQU1CQWY4d0hRWURWUjBPQkJZRUZNOEhXSnhzR0hDakhiK3l3clBaTGtMajdGeHpNQTBHQ1NxR1NJYjMKRFFFQkN3VUFBNElCQVFDK1phT0o5cSthdVN0UzRLNWlTemV3TWFMc3FyNThFWFVIMnF4cTlhSWNJdzBJVXRhWAo3RVM5ZEVTRzl6R1RydWlmNE83MkRtSElyUlNSYm5ZQVFMVEhJZVJCUjB5c2lpSlFQc1hxRFBuY2ZzVzh1cHlFCkxhZTBMVW1OMFl0bTAvRWpMVkNBRmM2c0JJeEFVczdzWEFybW9LWHRZeUl5SlBIem9IemUvVE9LY2hBY0dUclgKRTVKVEhRam1NdmRvK2FrM3J1Tk9iUCtRZm1JY0Z0Tnl6bDBZa3p0M2Rxdnc3TXdaREo0U2s3eHJrOVAvbEhpdgpqL2Z4YUlKMkNiOE5YRHFFTjIrWmpqY2VRZkhRK2Q1UGJBNEVUY3FoSnAwR2VWMzlnWGZmTVJDcHV4Y2RrbXNvCkxTb0JlZk11bnlrRkhldktnS0dMTWpqSlduTjhzV1Y1SnJVcAotLS0tLUVORCBDRVJUSUZJQ0FURS0tLS0tCg==\n  name: eks_education-eks-Hgz9EnEX\n\ncontexts:\n- context:\n    cluster: eks_education-eks-Hgz9EnEX\n    user: eks_education-eks-Hgz9EnEX\n  name: eks_education-eks-Hgz9EnEX\n\ncurrent-context: eks_education-eks-Hgz9EnEX\n\nusers:\n- name: eks_education-eks-Hgz9EnEX\n  user:\n    exec:\n      apiVersion: client.authentication.k8s.io/v1alpha1\n      command: aws-iam-authenticator\n      args:\n        - \"token\"\n        - \"-i\"\n        - \"education-eks-Hgz9EnEX\"\n",
                "region": "us-east-2"
              },
              "type": [
                "object",
                {
                  "cluster_endpoint": "string",
                  "cluster_id": "string",
                  "cluster_name": "string",
                  "cluster_security_group_id": "string",
                  "config_map_aws_auth": [
                    "tuple",
                    [
                      [
                        "object",
                        {
                          "binary_data": [
                            "map",
                            "string"
                          ],
                          "data": [
                            "map",
                            "string"
                          ],
                          "id": "string",
                          "metadata": [
                            "list",
                            [
                              "object",
                              {
                                "annotations": [
                                  "map",
                                  "string"
                                ],
                                "generate_name": "string",
                                "generation": "number",
                                "labels": [
                                  "map",
                                  "string"
                                ],
                                "name": "string",
                                "namespace": "string",
                                "resource_version": "string",
                                "uid": "string"
                              }
                            ]
                          ]
                        }
                      ]
                    ]
                  ],
                  "kubectl_config": "string",
                  "region": "string"
                }
              ]
            },
            "workspace": null
          },
          "sensitive_attributes": []
        }
      ]
    },
    {
      "mode": "managed",
      "type": "helm_release",
      "name": "kubewatch",
      "provider": "provider[\"registry.terraform.io/hashicorp/helm\"]",
      "instances": [
        {
          "schema_version": 0,
          "attributes": {
            "atomic": false,
            "chart": "kubewatch",
            "cleanup_on_fail": false,
            "create_namespace": false,
            "dependency_update": false,
            "description": null,
            "devel": null,
            "disable_crd_hooks": false,
            "disable_openapi_validation": false,
            "disable_webhooks": false,
            "force_update": false,
            "id": "kubewatch",
            "keyring": null,
            "lint": false,
            "max_history": 0,
            "metadata": [
              {
                "app_version": "0.1.0",
                "chart": "kubewatch",
                "name": "kubewatch",
                "namespace": "default",
                "revision": 1,
                "values": "{\"rbac\":{\"create\":true},\"resourcesToWatch\":{\"daemonset\":true,\"deployment\":true,\"pod\":true,\"services\":true},\"slack\":{\"channel\":\"general\",\"enabled\":true,\"token\":\"(sensitive value)\"}}",
                "version": "3.2.13"
              }
            ],
            "name": "kubewatch",
            "namespace": "default",
            "postrender": [],
            "recreate_pods": false,
            "render_subchart_notes": true,
            "replace": false,
            "repository": "https://charts.bitnami.com/bitnami",
            "repository_ca_file": null,
            "repository_cert_file": null,
            "repository_key_file": null,
            "repository_password": null,
            "repository_username": null,
            "reset_values": false,
            "reuse_values": false,
            "set": [],
            "set_sensitive": [
              {
                "name": "slack.token",
                "type": "",
                "value": "xoxb-2419901730161-2412133729954-HHR61Zj6RYo7zFMQZsRFYCoO"
              }
            ],
            "skip_crds": false,
            "status": "deployed",
            "timeout": 300,
            "values": [
              "rbac:\n  create: true\nslack:\n  enabled: true\n  channel: 'general'\nresourcesToWatch:\n  pod: true\n  daemonset: true\n  services: true\n  deployment: true\n"
            ],
            "verify": false,
            "version": "3.2.13",
            "wait": true
          },
          "sensitive_attributes": [],
          "private": "bnVsbA==",
          "dependencies": [
            "data.aws_eks_cluster.cluster",
            "data.terraform_remote_state.eks"
          ]
        }
      ]
    },
    {
      "mode": "managed",
      "type": "kubernetes_deployment",
      "name": "terramino",
      "provider": "provider[\"registry.terraform.io/hashicorp/kubernetes\"]",
      "instances": [
        {
          "schema_version": 1,
          "attributes": {
            "id": "terramino/terramino",
            "metadata": [
              {
                "annotations": {},
                "generate_name": "",
                "generation": 2,
                "labels": {
                  "app": "terramino"
                },
                "name": "terramino",
                "namespace": "terramino",
                "resource_version": "3568",
                "self_link": "",
                "uid": "db00d84c-b6bb-48d4-bdbd-3bca168ead0f"
              }
            ],
            "spec": [
              {
                "min_ready_seconds": 0,
                "paused": false,
                "progress_deadline_seconds": 600,
                "replicas": "4",
                "revision_history_limit": 10,
                "selector": [
                  {
                    "match_expressions": [],
                    "match_labels": {
                      "app": "terramino"
                    }
                  }
                ],
                "strategy": [
                  {
                    "rolling_update": [
                      {
                        "max_surge": "25%",
                        "max_unavailable": "25%"
                      }
                    ],
                    "type": "RollingUpdate"
                  }
                ],
                "template": [
                  {
                    "metadata": [
                      {
                        "annotations": {},
                        "generate_name": "",
                        "generation": 0,
                        "labels": {
                          "app": "terramino"
                        },
                        "name": "",
                        "namespace": "",
                        "resource_version": "",
                        "self_link": "",
                        "uid": ""
                      }
                    ],
                    "spec": [
                      {
                        "active_deadline_seconds": 0,
                        "affinity": [],
                        "automount_service_account_token": true,
                        "container": [
                          {
                            "args": [],
                            "command": [],
                            "env": [],
                            "env_from": [],
                            "image": "tr0njavolta/terramino",
                            "image_pull_policy": "Always",
                            "lifecycle": [],
                            "liveness_probe": [],
                            "name": "terramino",
                            "port": [],
                            "readiness_probe": [],
                            "resources": [
                              {
                                "limits": null,
                                "requests": null
                              }
                            ],
                            "security_context": [],
                            "startup_probe": [],
                            "stdin": false,
                            "stdin_once": false,
                            "termination_message_path": "/dev/termination-log",
                            "termination_message_policy": "File",
                            "tty": false,
                            "volume_mount": [],
                            "working_dir": ""
                          }
                        ],
                        "dns_config": [],
                        "dns_policy": "ClusterFirst",
                        "enable_service_links": true,
                        "host_aliases": [],
                        "host_ipc": false,
                        "host_network": false,
                        "host_pid": false,
                        "hostname": "",
                        "image_pull_secrets": [],
                        "init_container": [],
                        "node_name": "",
                        "node_selector": {},
                        "priority_class_name": "",
                        "readiness_gate": [],
                        "restart_policy": "Always",
                        "security_context": [],
                        "service_account_name": "",
                        "share_process_namespace": false,
                        "subdomain": "",
                        "termination_grace_period_seconds": 30,
                        "toleration": [],
                        "volume": []
                      }
                    ]
                  }
                ]
              }
            ],
            "timeouts": null,
            "wait_for_rollout": true
          },
          "sensitive_attributes": [],
          "private": "eyJlMmJmYjczMC1lY2FhLTExZTYtOGY4OC0zNDM2M2JjN2M0YzAiOnsiY3JlYXRlIjo2MDAwMDAwMDAwMDAsImRlbGV0ZSI6NjAwMDAwMDAwMDAwLCJ1cGRhdGUiOjYwMDAwMDAwMDAwMH0sInNjaGVtYV92ZXJzaW9uIjoiMSJ9",
          "dependencies": [
            "data.aws_eks_cluster.cluster",
            "kubernetes_namespace.terramino"
          ]
        }
      ]
    },
    {
      "mode": "managed",
      "type": "kubernetes_namespace",
      "name": "terramino",
      "provider": "provider[\"registry.terraform.io/hashicorp/kubernetes\"]",
      "instances": [
        {
          "schema_version": 0,
          "attributes": {
            "id": "terramino",
            "metadata": [
              {
                "annotations": {},
                "generate_name": "",
                "generation": 0,
                "labels": {},
                "name": "terramino",
                "resource_version": "3150",
                "self_link": "",
                "uid": "b0001d3b-36f7-42b5-989a-c36aeaff8e7b"
              }
            ],
            "timeouts": null
          },
          "sensitive_attributes": [],
          "private": "eyJlMmJmYjczMC1lY2FhLTExZTYtOGY4OC0zNDM2M2JjN2M0YzAiOnsiZGVsZXRlIjozMDAwMDAwMDAwMDB9fQ==",
          "dependencies": [
            "data.terraform_remote_state.eks",
            "data.aws_eks_cluster.cluster"
          ]
        }
      ]
    },
    {
      "mode": "managed",
      "type": "kubernetes_service",
      "name": "terramino",
      "provider": "provider[\"registry.terraform.io/hashicorp/kubernetes\"]",
      "instances": [
        {
          "schema_version": 1,
          "attributes": {
            "id": "terramino/terramino",
            "metadata": [
              {
                "annotations": {},
                "generate_name": "",
                "generation": 0,
                "labels": {},
                "name": "terramino",
                "namespace": "terramino",
                "resource_version": "3288",
                "self_link": "",
                "uid": "f65ed09c-39f9-44a1-b1d5-26dbf748450b"
              }
            ],
            "spec": [
              {
                "cluster_ip": "172.20.109.82",
                "external_ips": [],
                "external_name": "",
                "external_traffic_policy": "Cluster",
                "health_check_node_port": 0,
                "load_balancer_ip": "",
                "load_balancer_source_ranges": [],
                "port": [
                  {
                    "name": "",
                    "node_port": 30641,
                    "port": 8080,
                    "protocol": "TCP",
                    "target_port": "80"
                  }
                ],
                "publish_not_ready_addresses": false,
                "selector": {
                  "app": "terramino"
                },
                "session_affinity": "None",
                "type": "LoadBalancer"
              }
            ],
            "status": [
              {
                "load_balancer": [
                  {
                    "ingress": [
                      {
                        "hostname": "af65ed09c39f944a1b1d526dbf748450-1426191010.us-east-2.elb.amazonaws.com",
                        "ip": ""
                      }
                    ]
                  }
                ]
              }
            ],
            "timeouts": null,
            "wait_for_load_balancer": true
          },
          "sensitive_attributes": [],
          "private": "eyJlMmJmYjczMC1lY2FhLTExZTYtOGY4OC0zNDM2M2JjN2M0YzAiOnsiY3JlYXRlIjo2MDAwMDAwMDAwMDB9LCJzY2hlbWFfdmVyc2lvbiI6IjEifQ==",
          "dependencies": [
            "data.aws_eks_cluster.cluster",
            "data.terraform_remote_state.eks",
            "kubernetes_deployment.terramino",
            "kubernetes_namespace.terramino"
          ]
        }
      ]
    }
  ]
}
